
Microsoft Visual Studio Solution File, Format Version 12.00
# Visual Studio 15
VisualStudioVersion = 15.0.27130.2027
MinimumVisualStudioVersion = 10.0.40219.1
Project("{FAE04EC0-301F-11D3-BF4B-00C04F79EFBC}") = "Clase 11_1", "Clase 11_1\Clase 11_1.csproj", "{EA0259DD-3E53-4DED-AA6D-CA40BD9C6EA3}"
EndProject
Global
	GlobalSection(SolutionConfigurationPlatforms) = preSolution
		Debug|Any CPU = Debug|Any CPU
		Release|Any CPU = Release|Any CPU
	EndGlobalSection
	GlobalSection(ProjectConfigurationPlatforms) = postSolution
		{EA0259DD-3E53-4DED-AA6D-CA40BD9C6EA3}.Debug|Any CPU.ActiveCfg = Debug|Any CPU
		{EA0259DD-3E53-4DED-AA6D-CA40BD9C6EA3}.Debug|Any CPU.Build.0 = Debug|Any CPU
		{EA0259DD-3E53-4DED-AA6D-CA40BD9C6EA3}.Release|Any CPU.ActiveCfg = Release|Any CPU
		{EA0259DD-3E53-4DED-AA6D-CA40BD9C6EA3}.Release|Any CPU.Build.0 = Release|Any CPU
	EndGlobalSection
	GlobalSection(SolutionProperties) = preSolution
		HideSolutionNode = FALSE
	EndGlobalSection
	GlobalSection(ExtensibilityGlobals) = postSolution
		SolutionGuid = {88C12D74-5022-451A-AF22-04BA138EF099}
	EndGlobalSection
EndGlobal
